
Microsoft Visual Studio Solution File, Format Version 12.00
# Visual Studio 2013
VisualStudioVersion = 12.0.31101.0
MinimumVisualStudioVersion = 10.0.40219.1
Project("{8BC9CEB8-8B4A-11D0-8D11-00A0C91BC942}") = "MyDriver5", "MyDriver5\MyDriver5.vcxproj", "{A755B245-F743-4C69-B183-56D0C78C4199}"
EndProject
Project("{8BC9CEB8-8B4A-11D0-8D11-00A0C91BC942}") = "MyDriver5 Package", "MyDriver5 Package\MyDriver5 Package.vcxproj", "{C54BC88A-E695-4CBD-87C6-5C4789599E6C}"
	ProjectSection(ProjectDependencies) = postProject
		{A755B245-F743-4C69-B183-56D0C78C4199} = {A755B245-F743-4C69-B183-56D0C78C4199}
	EndProjectSection
EndProject
Global
	GlobalSection(SolutionConfigurationPlatforms) = preSolution
		Win7 Debug|Win32 = Win7 Debug|Win32
		Win7 Debug|x64 = Win7 Debug|x64
		Win7 Release|Win32 = Win7 Release|Win32
		Win7 Release|x64 = Win7 Release|x64
		Win8 Debug|Win32 = Win8 Debug|Win32
		Win8 Debug|x64 = Win8 Debug|x64
		Win8 Release|Win32 = Win8 Release|Win32
		Win8 Release|x64 = Win8 Release|x64
		Win8.1 Debug|Win32 = Win8.1 Debug|Win32
		Win8.1 Debug|x64 = Win8.1 Debug|x64
		Win8.1 Release|Win32 = Win8.1 Release|Win32
		Win8.1 Release|x64 = Win8.1 Release|x64
	EndGlobalSection
	GlobalSection(ProjectConfigurationPlatforms) = postSolution
		{A755B245-F743-4C69-B183-56D0C78C4199}.Win7 Debug|Win32.ActiveCfg = Win7 Debug|Win32
		{A755B245-F743-4C69-B183-56D0C78C4199}.Win7 Debug|Win32.Build.0 = Win7 Debug|Win32
		{A755B245-F743-4C69-B183-56D0C78C4199}.Win7 Debug|Win32.Deploy.0 = Win7 Debug|Win32
		{A755B245-F743-4C69-B183-56D0C78C4199}.Win7 Debug|x64.ActiveCfg = Win7 Debug|x64
		{A755B245-F743-4C69-B183-56D0C78C4199}.Win7 Debug|x64.Build.0 = Win7 Debug|x64
		{A755B245-F743-4C69-B183-56D0C78C4199}.Win7 Debug|x64.Deploy.0 = Win7 Debug|x64
		{A755B245-F743-4C69-B183-56D0C78C4199}.Win7 Release|Win32.ActiveCfg = Win7 Release|Win32
		{A755B245-F743-4C69-B183-56D0C78C4199}.Win7 Release|Win32.Build.0 = Win7 Release|Win32
		{A755B245-F743-4C69-B183-56D0C78C4199}.Win7 Release|Win32.Deploy.0 = Win7 Release|Win32
		{A755B245-F743-4C69-B183-56D0C78C4199}.Win7 Release|x64.ActiveCfg = Win7 Release|x64
		{A755B245-F743-4C69-B183-56D0C78C4199}.Win7 Release|x64.Build.0 = Win7 Release|x64
		{A755B245-F743-4C69-B183-56D0C78C4199}.Win7 Release|x64.Deploy.0 = Win7 Release|x64
		{A755B245-F743-4C69-B183-56D0C78C4199}.Win8 Debug|Win32.ActiveCfg = Win8 Debug|Win32
		{A755B245-F743-4C69-B183-56D0C78C4199}.Win8 Debug|Win32.Build.0 = Win8 Debug|Win32
		{A755B245-F743-4C69-B183-56D0C78C4199}.Win8 Debug|Win32.Deploy.0 = Win8 Debug|Win32
		{A755B245-F743-4C69-B183-56D0C78C4199}.Win8 Debug|x64.ActiveCfg = Win8 Debug|x64
		{A755B245-F743-4C69-B183-56D0C78C4199}.Win8 Debug|x64.Build.0 = Win8 Debug|x64
		{A755B245-F743-4C69-B183-56D0C78C4199}.Win8 Debug|x64.Deploy.0 = Win8 Debug|x64
		{A755B245-F743-4C69-B183-56D0C78C4199}.Win8 Release|Win32.ActiveCfg = Win8 Release|Win32
		{A755B245-F743-4C69-B183-56D0C78C4199}.Win8 Release|Win32.Build.0 = Win8 Release|Win32
		{A755B245-F743-4C69-B183-56D0C78C4199}.Win8 Release|Win32.Deploy.0 = Win8 Release|Win32
		{A755B245-F743-4C69-B183-56D0C78C4199}.Win8 Release|x64.ActiveCfg = Win8 Release|x64
		{A755B245-F743-4C69-B183-56D0C78C4199}.Win8 Release|x64.Build.0 = Win8 Release|x64
		{A755B245-F743-4C69-B183-56D0C78C4199}.Win8 Release|x64.Deploy.0 = Win8 Release|x64
		{A755B245-F743-4C69-B183-56D0C78C4199}.Win8.1 Debug|Win32.ActiveCfg = Win8.1 Debug|Win32
		{A755B245-F743-4C69-B183-56D0C78C4199}.Win8.1 Debug|Win32.Build.0 = Win8.1 Debug|Win32
		{A755B245-F743-4C69-B183-56D0C78C4199}.Win8.1 Debug|Win32.Deploy.0 = Win8.1 Debug|Win32
		{A755B245-F743-4C69-B183-56D0C78C4199}.Win8.1 Debug|x64.ActiveCfg = Win8.1 Debug|x64
		{A755B245-F743-4C69-B183-56D0C78C4199}.Win8.1 Debug|x64.Build.0 = Win8.1 Debug|x64
		{A755B245-F743-4C69-B183-56D0C78C4199}.Win8.1 Debug|x64.Deploy.0 = Win8.1 Debug|x64
		{A755B245-F743-4C69-B183-56D0C78C4199}.Win8.1 Release|Win32.ActiveCfg = Win8.1 Release|Win32
		{A755B245-F743-4C69-B183-56D0C78C4199}.Win8.1 Release|Win32.Build.0 = Win8.1 Release|Win32
		{A755B245-F743-4C69-B183-56D0C78C4199}.Win8.1 Release|Win32.Deploy.0 = Win8.1 Release|Win32
		{A755B245-F743-4C69-B183-56D0C78C4199}.Win8.1 Release|x64.ActiveCfg = Win8.1 Release|x64
		{A755B245-F743-4C69-B183-56D0C78C4199}.Win8.1 Release|x64.Build.0 = Win8.1 Release|x64
		{A755B245-F743-4C69-B183-56D0C78C4199}.Win8.1 Release|x64.Deploy.0 = Win8.1 Release|x64
		{C54BC88A-E695-4CBD-87C6-5C4789599E6C}.Win7 Debug|Win32.ActiveCfg = Win7 Debug|Win32
		{C54BC88A-E695-4CBD-87C6-5C4789599E6C}.Win7 Debug|Win32.Build.0 = Win7 Debug|Win32
		{C54BC88A-E695-4CBD-87C6-5C4789599E6C}.Win7 Debug|Win32.Deploy.0 = Win7 Debug|Win32
		{C54BC88A-E695-4CBD-87C6-5C4789599E6C}.Win7 Debug|x64.ActiveCfg = Win7 Debug|x64
		{C54BC88A-E695-4CBD-87C6-5C4789599E6C}.Win7 Debug|x64.Build.0 = Win7 Debug|x64
		{C54BC88A-E695-4CBD-87C6-5C4789599E6C}.Win7 Debug|x64.Deploy.0 = Win7 Debug|x64
		{C54BC88A-E695-4CBD-87C6-5C4789599E6C}.Win7 Release|Win32.ActiveCfg = Win7 Release|Win32
		{C54BC88A-E695-4CBD-87C6-5C4789599E6C}.Win7 Release|Win32.Build.0 = Win7 Release|Win32
		{C54BC88A-E695-4CBD-87C6-5C4789599E6C}.Win7 Release|Win32.Deploy.0 = Win7 Release|Win32
		{C54BC88A-E695-4CBD-87C6-5C4789599E6C}.Win7 Release|x64.ActiveCfg = Win7 Release|x64
		{C54BC88A-E695-4CBD-87C6-5C4789599E6C}.Win7 Release|x64.Build.0 = Win7 Release|x64
		{C54BC88A-E695-4CBD-87C6-5C4789599E6C}.Win7 Release|x64.Deploy.0 = Win7 Release|x64
		{C54BC88A-E695-4CBD-87C6-5C4789599E6C}.Win8 Debug|Win32.ActiveCfg = Win8 Debug|Win32
		{C54BC88A-E695-4CBD-87C6-5C4789599E6C}.Win8 Debug|Win32.Build.0 = Win8 Debug|Win32
		{C54BC88A-E695-4CBD-87C6-5C4789599E6C}.Win8 Debug|Win32.Deploy.0 = Win8 Debug|Win32
		{C54BC88A-E695-4CBD-87C6-5C4789599E6C}.Win8 Debug|x64.ActiveCfg = Win8 Debug|x64
		{C54BC88A-E695-4CBD-87C6-5C4789599E6C}.Win8 Debug|x64.Build.0 = Win8 Debug|x64
		{C54BC88A-E695-4CBD-87C6-5C4789599E6C}.Win8 Debug|x64.Deploy.0 = Win8 Debug|x64
		{C54BC88A-E695-4CBD-87C6-5C4789599E6C}.Win8 Release|Win32.ActiveCfg = Win8 Release|Win32
		{C54BC88A-E695-4CBD-87C6-5C4789599E6C}.Win8 Release|Win32.Build.0 = Win8 Release|Win32
		{C54BC88A-E695-4CBD-87C6-5C4789599E6C}.Win8 Release|Win32.Deploy.0 = Win8 Release|Win32
		{C54BC88A-E695-4CBD-87C6-5C4789599E6C}.Win8 Release|x64.ActiveCfg = Win8 Release|x64
		{C54BC88A-E695-4CBD-87C6-5C4789599E6C}.Win8 Release|x64.Build.0 = Win8 Release|x64
		{C54BC88A-E695-4CBD-87C6-5C4789599E6C}.Win8 Release|x64.Deploy.0 = Win8 Release|x64
		{C54BC88A-E695-4CBD-87C6-5C4789599E6C}.Win8.1 Debug|Win32.ActiveCfg = Win8.1 Debug|Win32
		{C54BC88A-E695-4CBD-87C6-5C4789599E6C}.Win8.1 Debug|Win32.Build.0 = Win8.1 Debug|Win32
		{C54BC88A-E695-4CBD-87C6-5C4789599E6C}.Win8.1 Debug|Win32.Deploy.0 = Win8.1 Debug|Win32
		{C54BC88A-E695-4CBD-87C6-5C4789599E6C}.Win8.1 Debug|x64.ActiveCfg = Win8.1 Debug|x64
		{C54BC88A-E695-4CBD-87C6-5C4789599E6C}.Win8.1 Debug|x64.Build.0 = Win8.1 Debug|x64
		{C54BC88A-E695-4CBD-87C6-5C4789599E6C}.Win8.1 Debug|x64.Deploy.0 = Win8.1 Debug|x64
		{C54BC88A-E695-4CBD-87C6-5C4789599E6C}.Win8.1 Release|Win32.ActiveCfg = Win8.1 Release|Win32
		{C54BC88A-E695-4CBD-87C6-5C4789599E6C}.Win8.1 Release|Win32.Build.0 = Win8.1 Release|Win32
		{C54BC88A-E695-4CBD-87C6-5C4789599E6C}.Win8.1 Release|Win32.Deploy.0 = Win8.1 Release|Win32
		{C54BC88A-E695-4CBD-87C6-5C4789599E6C}.Win8.1 Release|x64.ActiveCfg = Win8.1 Release|x64
		{C54BC88A-E695-4CBD-87C6-5C4789599E6C}.Win8.1 Release|x64.Build.0 = Win8.1 Release|x64
		{C54BC88A-E695-4CBD-87C6-5C4789599E6C}.Win8.1 Release|x64.Deploy.0 = Win8.1 Release|x64
	EndGlobalSection
	GlobalSection(SolutionProperties) = preSolution
		HideSolutionNode = FALSE
	EndGlobalSection
EndGlobal
