<?xml version="1.0" encoding="utf-8"?>
<Project ToolsVersion="4.0" xmlns="http://schemas.microsoft.com/developer/msbuild/2003">
  <ItemGroup>
    <Filter Include="ソース ファイル">
      <UniqueIdentifier>{4FC737F1-C7A5-4376-A066-2A32D752A2FF}</UniqueIdentifier>
      <Extensions>cpp;c;cc;cxx;def;odl;idl;hpj;bat;asm;asmx</Extensions>
    </Filter>
    <Filter Include="ソース ファイル\enemy">
      <UniqueIdentifier>{d4e628b3-85c9-4829-8e30-a32225aa8768}</UniqueIdentifier>
    </Filter>
    <Filter Include="ソース ファイル\graph">
      <UniqueIdentifier>{45ee7173-1c81-4c50-9bc9-253dcc252f22}</UniqueIdentifier>
    </Filter>
    <Filter Include="ソース ファイル\shot">
      <UniqueIdentifier>{1f677263-90f6-4ae5-8d94-8bd30f9856f2}</UniqueIdentifier>
    </Filter>
    <Filter Include="ソース ファイル\shot\Hard">
      <UniqueIdentifier>{3f5347fc-f5a8-4101-aca5-0e85ddcaad50}</UniqueIdentifier>
    </Filter>
    <Filter Include="ソース ファイル\boss_shot">
      <UniqueIdentifier>{5e0e5e92-fa76-49d2-acd5-fc41b484ad5c}</UniqueIdentifier>
    </Filter>
    <Filter Include="ソース ファイル\boss_shot\Hard">
      <UniqueIdentifier>{8ed28e3b-14fe-4303-bcc9-39e0f47e0b3a}</UniqueIdentifier>
    </Filter>
    <Filter Include="ヘッダー ファイル">
      <UniqueIdentifier>{93995380-89BD-4b04-88EB-625FBE52EBFB}</UniqueIdentifier>
      <Extensions>h;hpp;hxx;hm;inl;inc;xsd</Extensions>
    </Filter>
    <Filter Include="リソース ファイル">
      <UniqueIdentifier>{67DA6AB6-F800-4c08-8B7A-83BB121AAD01}</UniqueIdentifier>
      <Extensions>rc;ico;cur;bmp;dlg;rc2;rct;bin;rgs;gif;jpg;jpeg;jpe;resx;tiff;tif;png;wav</Extensions>
    </Filter>
  </ItemGroup>
  <ItemGroup>
    <ClCompile Include="mydat\source\calc.cpp">
      <Filter>ソース ファイル</Filter>
    </ClCompile>
    <ClCompile Include="mydat\source\char.cpp">
      <Filter>ソース ファイル</Filter>
    </ClCompile>
    <ClCompile Include="mydat\source\check_time.cpp">
      <Filter>ソース ファイル</Filter>
    </ClCompile>
    <ClCompile Include="mydat\source\dn.cpp">
      <Filter>ソース ファイル</Filter>
    </ClCompile>
    <ClCompile Include="mydat\source\effect.cpp">
      <Filter>ソース ファイル</Filter>
    </ClCompile>
    <ClCompile Include="mydat\source\fps.cpp">
      <Filter>ソース ファイル</Filter>
    </ClCompile>
    <ClCompile Include="mydat\source\ini.cpp">
      <Filter>ソース ファイル</Filter>
    </ClCompile>
    <ClCompile Include="mydat\source\key.cpp">
      <Filter>ソース ファイル</Filter>
    </ClCompile>
    <ClCompile Include="mydat\source\load.cpp">
      <Filter>ソース ファイル</Filter>
    </ClCompile>
    <ClCompile Include="mydat\source\main.cpp">
      <Filter>ソース ファイル</Filter>
    </ClCompile>
    <ClCompile Include="mydat\source\music.cpp">
      <Filter>ソース ファイル</Filter>
    </ClCompile>
    <ClCompile Include="mydat\source\out.cpp">
      <Filter>ソース ファイル</Filter>
    </ClCompile>
    <ClCompile Include="mydat\source\out_lazer.cpp">
      <Filter>ソース ファイル</Filter>
    </ClCompile>
    <ClCompile Include="mydat\source\enemy.cpp">
      <Filter>ソース ファイル\enemy</Filter>
    </ClCompile>
    <ClCompile Include="mydat\source\enemy_act_pattern.cpp">
      <Filter>ソース ファイル\enemy</Filter>
    </ClCompile>
    <ClCompile Include="mydat\source\3Dbackground.cpp">
      <Filter>ソース ファイル\graph</Filter>
    </ClCompile>
    <ClCompile Include="mydat\source\graph.cpp">
      <Filter>ソース ファイル\graph</Filter>
    </ClCompile>
    <ClCompile Include="mydat\source\graph_back.cpp">
      <Filter>ソース ファイル\graph</Filter>
    </ClCompile>
    <ClCompile Include="mydat\source\cshot.cpp">
      <Filter>ソース ファイル\shot</Filter>
    </ClCompile>
    <ClCompile Include="mydat\source\shot.cpp">
      <Filter>ソース ファイル\shot</Filter>
    </ClCompile>
    <ClCompile Include="mydat\source\shotH.cpp">
      <Filter>ソース ファイル\shot\Hard</Filter>
    </ClCompile>
    <ClCompile Include="mydat\source\boss_shot.cpp">
      <Filter>ソース ファイル\boss_shot</Filter>
    </ClCompile>
    <ClCompile Include="mydat\source\boss_shotH.cpp">
      <Filter>ソース ファイル\boss_shot\Hard</Filter>
    </ClCompile>
  </ItemGroup>
  <ItemGroup>
    <ClInclude Include="mydat\include\define.h">
      <Filter>ヘッダー ファイル</Filter>
    </ClInclude>
    <ClInclude Include="mydat\include\func.h">
      <Filter>ヘッダー ファイル</Filter>
    </ClInclude>
    <ClInclude Include="mydat\include\function.h">
      <Filter>ヘッダー ファイル</Filter>
    </ClInclude>
    <ClInclude Include="mydat\include\GV.h">
      <Filter>ヘッダー ファイル</Filter>
    </ClInclude>
    <ClInclude Include="mydat\include\struct.h">
      <Filter>ヘッダー ファイル</Filter>
    </ClInclude>
    <ClInclude Include="..\include\DxDirectX.h">
      <Filter>リソース ファイル</Filter>
    </ClInclude>
    <ClInclude Include="..\include\DxLib.h">
      <Filter>リソース ファイル</Filter>
    </ClInclude>
  </ItemGroup>
</Project>