
Microsoft Visual Studio Solution File, Format Version 12.00
# Visual Studio 15
VisualStudioVersion = 15.0.27428.2043
MinimumVisualStudioVersion = 10.0.40219.1
Project("{8BC9CEB8-8B4A-11D0-8D11-00A0C91BC942}") = "PDHTest", "PDHTest.vcxproj", "{1B203715-B5C2-4A88-B0DA-EF335CDF9FAE}"
EndProject
Global
	GlobalSection(SolutionConfigurationPlatforms) = preSolution
		Debug|x64 = Debug|x64
		Debug|x86 = Debug|x86
		Release|x64 = Release|x64
		Release|x86 = Release|x86
	EndGlobalSection
	GlobalSection(ProjectConfigurationPlatforms) = postSolution
		{1B203715-B5C2-4A88-B0DA-EF335CDF9FAE}.Debug|x64.ActiveCfg = Debug|x64
		{1B203715-B5C2-4A88-B0DA-EF335CDF9FAE}.Debug|x64.Build.0 = Debug|x64
		{1B203715-B5C2-4A88-B0DA-EF335CDF9FAE}.Debug|x86.ActiveCfg = Debug|Win32
		{1B203715-B5C2-4A88-B0DA-EF335CDF9FAE}.Debug|x86.Build.0 = Debug|Win32
		{1B203715-B5C2-4A88-B0DA-EF335CDF9FAE}.Release|x64.ActiveCfg = Release|x64
		{1B203715-B5C2-4A88-B0DA-EF335CDF9FAE}.Release|x64.Build.0 = Release|x64
		{1B203715-B5C2-4A88-B0DA-EF335CDF9FAE}.Release|x86.ActiveCfg = Release|Win32
		{1B203715-B5C2-4A88-B0DA-EF335CDF9FAE}.Release|x86.Build.0 = Release|Win32
	EndGlobalSection
	GlobalSection(SolutionProperties) = preSolution
		HideSolutionNode = FALSE
	EndGlobalSection
	GlobalSection(ExtensibilityGlobals) = postSolution
		SolutionGuid = {036CC7E1-2490-4795-854C-C76F1D5A14F9}
	EndGlobalSection
EndGlobal
