
Microsoft Visual Studio Solution File, Format Version 12.00
# Visual Studio 2013
VisualStudioVersion = 12.0.31101.0
MinimumVisualStudioVersion = 10.0.40219.1
Project("{8BC9CEB8-8B4A-11D0-8D11-00A0C91BC942}") = "MyDriver6", "MyDriver6\MyDriver6.vcxproj", "{6C6DAF56-944A-4495-91D4-F66BF2E47C08}"
EndProject
Project("{8BC9CEB8-8B4A-11D0-8D11-00A0C91BC942}") = "MyDriver6 Package", "MyDriver6 Package\MyDriver6 Package.vcxproj", "{14D240FB-DEBF-48D3-B468-C29EF309B490}"
	ProjectSection(ProjectDependencies) = postProject
		{6C6DAF56-944A-4495-91D4-F66BF2E47C08} = {6C6DAF56-944A-4495-91D4-F66BF2E47C08}
	EndProjectSection
EndProject
Global
	GlobalSection(SolutionConfigurationPlatforms) = preSolution
		Win7 Debug|Win32 = Win7 Debug|Win32
		Win7 Debug|x64 = Win7 Debug|x64
		Win7 Release|Win32 = Win7 Release|Win32
		Win7 Release|x64 = Win7 Release|x64
		Win8 Debug|Win32 = Win8 Debug|Win32
		Win8 Debug|x64 = Win8 Debug|x64
		Win8 Release|Win32 = Win8 Release|Win32
		Win8 Release|x64 = Win8 Release|x64
		Win8.1 Debug|Win32 = Win8.1 Debug|Win32
		Win8.1 Debug|x64 = Win8.1 Debug|x64
		Win8.1 Release|Win32 = Win8.1 Release|Win32
		Win8.1 Release|x64 = Win8.1 Release|x64
	EndGlobalSection
	GlobalSection(ProjectConfigurationPlatforms) = postSolution
		{6C6DAF56-944A-4495-91D4-F66BF2E47C08}.Win7 Debug|Win32.ActiveCfg = Win7 Debug|Win32
		{6C6DAF56-944A-4495-91D4-F66BF2E47C08}.Win7 Debug|Win32.Build.0 = Win7 Debug|Win32
		{6C6DAF56-944A-4495-91D4-F66BF2E47C08}.Win7 Debug|Win32.Deploy.0 = Win7 Debug|Win32
		{6C6DAF56-944A-4495-91D4-F66BF2E47C08}.Win7 Debug|x64.ActiveCfg = Win7 Debug|x64
		{6C6DAF56-944A-4495-91D4-F66BF2E47C08}.Win7 Debug|x64.Build.0 = Win7 Debug|x64
		{6C6DAF56-944A-4495-91D4-F66BF2E47C08}.Win7 Debug|x64.Deploy.0 = Win7 Debug|x64
		{6C6DAF56-944A-4495-91D4-F66BF2E47C08}.Win7 Release|Win32.ActiveCfg = Win7 Release|Win32
		{6C6DAF56-944A-4495-91D4-F66BF2E47C08}.Win7 Release|Win32.Build.0 = Win7 Release|Win32
		{6C6DAF56-944A-4495-91D4-F66BF2E47C08}.Win7 Release|Win32.Deploy.0 = Win7 Release|Win32
		{6C6DAF56-944A-4495-91D4-F66BF2E47C08}.Win7 Release|x64.ActiveCfg = Win7 Release|x64
		{6C6DAF56-944A-4495-91D4-F66BF2E47C08}.Win7 Release|x64.Build.0 = Win7 Release|x64
		{6C6DAF56-944A-4495-91D4-F66BF2E47C08}.Win7 Release|x64.Deploy.0 = Win7 Release|x64
		{6C6DAF56-944A-4495-91D4-F66BF2E47C08}.Win8 Debug|Win32.ActiveCfg = Win8 Debug|Win32
		{6C6DAF56-944A-4495-91D4-F66BF2E47C08}.Win8 Debug|Win32.Build.0 = Win8 Debug|Win32
		{6C6DAF56-944A-4495-91D4-F66BF2E47C08}.Win8 Debug|Win32.Deploy.0 = Win8 Debug|Win32
		{6C6DAF56-944A-4495-91D4-F66BF2E47C08}.Win8 Debug|x64.ActiveCfg = Win8 Debug|x64
		{6C6DAF56-944A-4495-91D4-F66BF2E47C08}.Win8 Debug|x64.Build.0 = Win8 Debug|x64
		{6C6DAF56-944A-4495-91D4-F66BF2E47C08}.Win8 Debug|x64.Deploy.0 = Win8 Debug|x64
		{6C6DAF56-944A-4495-91D4-F66BF2E47C08}.Win8 Release|Win32.ActiveCfg = Win8 Release|Win32
		{6C6DAF56-944A-4495-91D4-F66BF2E47C08}.Win8 Release|Win32.Build.0 = Win8 Release|Win32
		{6C6DAF56-944A-4495-91D4-F66BF2E47C08}.Win8 Release|Win32.Deploy.0 = Win8 Release|Win32
		{6C6DAF56-944A-4495-91D4-F66BF2E47C08}.Win8 Release|x64.ActiveCfg = Win8 Release|x64
		{6C6DAF56-944A-4495-91D4-F66BF2E47C08}.Win8 Release|x64.Build.0 = Win8 Release|x64
		{6C6DAF56-944A-4495-91D4-F66BF2E47C08}.Win8 Release|x64.Deploy.0 = Win8 Release|x64
		{6C6DAF56-944A-4495-91D4-F66BF2E47C08}.Win8.1 Debug|Win32.ActiveCfg = Win8.1 Debug|Win32
		{6C6DAF56-944A-4495-91D4-F66BF2E47C08}.Win8.1 Debug|Win32.Build.0 = Win8.1 Debug|Win32
		{6C6DAF56-944A-4495-91D4-F66BF2E47C08}.Win8.1 Debug|Win32.Deploy.0 = Win8.1 Debug|Win32
		{6C6DAF56-944A-4495-91D4-F66BF2E47C08}.Win8.1 Debug|x64.ActiveCfg = Win8.1 Debug|x64
		{6C6DAF56-944A-4495-91D4-F66BF2E47C08}.Win8.1 Debug|x64.Build.0 = Win8.1 Debug|x64
		{6C6DAF56-944A-4495-91D4-F66BF2E47C08}.Win8.1 Debug|x64.Deploy.0 = Win8.1 Debug|x64
		{6C6DAF56-944A-4495-91D4-F66BF2E47C08}.Win8.1 Release|Win32.ActiveCfg = Win8.1 Release|Win32
		{6C6DAF56-944A-4495-91D4-F66BF2E47C08}.Win8.1 Release|Win32.Build.0 = Win8.1 Release|Win32
		{6C6DAF56-944A-4495-91D4-F66BF2E47C08}.Win8.1 Release|Win32.Deploy.0 = Win8.1 Release|Win32
		{6C6DAF56-944A-4495-91D4-F66BF2E47C08}.Win8.1 Release|x64.ActiveCfg = Win8.1 Release|x64
		{6C6DAF56-944A-4495-91D4-F66BF2E47C08}.Win8.1 Release|x64.Build.0 = Win8.1 Release|x64
		{6C6DAF56-944A-4495-91D4-F66BF2E47C08}.Win8.1 Release|x64.Deploy.0 = Win8.1 Release|x64
		{14D240FB-DEBF-48D3-B468-C29EF309B490}.Win7 Debug|Win32.ActiveCfg = Win7 Debug|Win32
		{14D240FB-DEBF-48D3-B468-C29EF309B490}.Win7 Debug|Win32.Build.0 = Win7 Debug|Win32
		{14D240FB-DEBF-48D3-B468-C29EF309B490}.Win7 Debug|Win32.Deploy.0 = Win7 Debug|Win32
		{14D240FB-DEBF-48D3-B468-C29EF309B490}.Win7 Debug|x64.ActiveCfg = Win7 Debug|x64
		{14D240FB-DEBF-48D3-B468-C29EF309B490}.Win7 Debug|x64.Build.0 = Win7 Debug|x64
		{14D240FB-DEBF-48D3-B468-C29EF309B490}.Win7 Debug|x64.Deploy.0 = Win7 Debug|x64
		{14D240FB-DEBF-48D3-B468-C29EF309B490}.Win7 Release|Win32.ActiveCfg = Win7 Release|Win32
		{14D240FB-DEBF-48D3-B468-C29EF309B490}.Win7 Release|Win32.Build.0 = Win7 Release|Win32
		{14D240FB-DEBF-48D3-B468-C29EF309B490}.Win7 Release|Win32.Deploy.0 = Win7 Release|Win32
		{14D240FB-DEBF-48D3-B468-C29EF309B490}.Win7 Release|x64.ActiveCfg = Win7 Release|x64
		{14D240FB-DEBF-48D3-B468-C29EF309B490}.Win7 Release|x64.Build.0 = Win7 Release|x64
		{14D240FB-DEBF-48D3-B468-C29EF309B490}.Win7 Release|x64.Deploy.0 = Win7 Release|x64
		{14D240FB-DEBF-48D3-B468-C29EF309B490}.Win8 Debug|Win32.ActiveCfg = Win8 Debug|Win32
		{14D240FB-DEBF-48D3-B468-C29EF309B490}.Win8 Debug|Win32.Build.0 = Win8 Debug|Win32
		{14D240FB-DEBF-48D3-B468-C29EF309B490}.Win8 Debug|Win32.Deploy.0 = Win8 Debug|Win32
		{14D240FB-DEBF-48D3-B468-C29EF309B490}.Win8 Debug|x64.ActiveCfg = Win8 Debug|x64
		{14D240FB-DEBF-48D3-B468-C29EF309B490}.Win8 Debug|x64.Build.0 = Win8 Debug|x64
		{14D240FB-DEBF-48D3-B468-C29EF309B490}.Win8 Debug|x64.Deploy.0 = Win8 Debug|x64
		{14D240FB-DEBF-48D3-B468-C29EF309B490}.Win8 Release|Win32.ActiveCfg = Win8 Release|Win32
		{14D240FB-DEBF-48D3-B468-C29EF309B490}.Win8 Release|Win32.Build.0 = Win8 Release|Win32
		{14D240FB-DEBF-48D3-B468-C29EF309B490}.Win8 Release|Win32.Deploy.0 = Win8 Release|Win32
		{14D240FB-DEBF-48D3-B468-C29EF309B490}.Win8 Release|x64.ActiveCfg = Win8 Release|x64
		{14D240FB-DEBF-48D3-B468-C29EF309B490}.Win8 Release|x64.Build.0 = Win8 Release|x64
		{14D240FB-DEBF-48D3-B468-C29EF309B490}.Win8 Release|x64.Deploy.0 = Win8 Release|x64
		{14D240FB-DEBF-48D3-B468-C29EF309B490}.Win8.1 Debug|Win32.ActiveCfg = Win8.1 Debug|Win32
		{14D240FB-DEBF-48D3-B468-C29EF309B490}.Win8.1 Debug|Win32.Build.0 = Win8.1 Debug|Win32
		{14D240FB-DEBF-48D3-B468-C29EF309B490}.Win8.1 Debug|Win32.Deploy.0 = Win8.1 Debug|Win32
		{14D240FB-DEBF-48D3-B468-C29EF309B490}.Win8.1 Debug|x64.ActiveCfg = Win8.1 Debug|x64
		{14D240FB-DEBF-48D3-B468-C29EF309B490}.Win8.1 Debug|x64.Build.0 = Win8.1 Debug|x64
		{14D240FB-DEBF-48D3-B468-C29EF309B490}.Win8.1 Debug|x64.Deploy.0 = Win8.1 Debug|x64
		{14D240FB-DEBF-48D3-B468-C29EF309B490}.Win8.1 Release|Win32.ActiveCfg = Win8.1 Release|Win32
		{14D240FB-DEBF-48D3-B468-C29EF309B490}.Win8.1 Release|Win32.Build.0 = Win8.1 Release|Win32
		{14D240FB-DEBF-48D3-B468-C29EF309B490}.Win8.1 Release|Win32.Deploy.0 = Win8.1 Release|Win32
		{14D240FB-DEBF-48D3-B468-C29EF309B490}.Win8.1 Release|x64.ActiveCfg = Win8.1 Release|x64
		{14D240FB-DEBF-48D3-B468-C29EF309B490}.Win8.1 Release|x64.Build.0 = Win8.1 Release|x64
		{14D240FB-DEBF-48D3-B468-C29EF309B490}.Win8.1 Release|x64.Deploy.0 = Win8.1 Release|x64
	EndGlobalSection
	GlobalSection(SolutionProperties) = preSolution
		HideSolutionNode = FALSE
	EndGlobalSection
EndGlobal
