
Microsoft Visual Studio Solution File, Format Version 12.00
# Visual Studio 2013
VisualStudioVersion = 12.0.31101.0
MinimumVisualStudioVersion = 10.0.40219.1
Project("{8BC9CEB8-8B4A-11D0-8D11-00A0C91BC942}") = "ConsoleApplication8", "ConsoleApplication8\ConsoleApplication8.vcxproj", "{E61E4092-2A70-48D3-B73B-5F16DC13BAF6}"
EndProject
Global
	GlobalSection(SolutionConfigurationPlatforms) = preSolution
		Debug|Win32 = Debug|Win32
		Release|Win32 = Release|Win32
	EndGlobalSection
	GlobalSection(ProjectConfigurationPlatforms) = postSolution
		{E61E4092-2A70-48D3-B73B-5F16DC13BAF6}.Debug|Win32.ActiveCfg = Debug|Win32
		{E61E4092-2A70-48D3-B73B-5F16DC13BAF6}.Debug|Win32.Build.0 = Debug|Win32
		{E61E4092-2A70-48D3-B73B-5F16DC13BAF6}.Release|Win32.ActiveCfg = Release|Win32
		{E61E4092-2A70-48D3-B73B-5F16DC13BAF6}.Release|Win32.Build.0 = Release|Win32
	EndGlobalSection
	GlobalSection(SolutionProperties) = preSolution
		HideSolutionNode = FALSE
	EndGlobalSection
EndGlobal
