<?xml version="1.0" encoding="utf-8"?>
<Project ToolsVersion="4.0" xmlns="http://schemas.microsoft.com/developer/msbuild/2003">
  <ItemGroup>
    <Filter Include="ソース ファイル">
      <UniqueIdentifier>{4FC737F1-C7A5-4376-A066-2A32D752A2FF}</UniqueIdentifier>
      <Extensions>cpp;c;cc;cxx;def;odl;idl;hpj;bat;asm;asmx</Extensions>
    </Filter>
    <Filter Include="ソース ファイル\enemy">
      <UniqueIdentifier>{d7bb7eeb-0704-452d-8bfc-6bd0d1cc29cd}</UniqueIdentifier>
    </Filter>
    <Filter Include="ソース ファイル\graph">
      <UniqueIdentifier>{3cca2c8e-4533-49b3-8786-d5afa9989370}</UniqueIdentifier>
    </Filter>
    <Filter Include="ソース ファイル\shot">
      <UniqueIdentifier>{be1e7167-c545-491a-88c6-1ce8547fb247}</UniqueIdentifier>
    </Filter>
    <Filter Include="ソース ファイル\shot\Hard">
      <UniqueIdentifier>{22c0de31-52ea-42d7-82ba-f75a8398d7a8}</UniqueIdentifier>
    </Filter>
    <Filter Include="ソース ファイル\boss_shot">
      <UniqueIdentifier>{c96981bb-ff91-490b-8304-d0dd527ee645}</UniqueIdentifier>
    </Filter>
    <Filter Include="ソース ファイル\boss_shot\Hard">
      <UniqueIdentifier>{eb5d60fe-a617-4a82-a621-e93dc7af3bf2}</UniqueIdentifier>
    </Filter>
    <Filter Include="ヘッダー ファイル">
      <UniqueIdentifier>{93995380-89BD-4b04-88EB-625FBE52EBFB}</UniqueIdentifier>
      <Extensions>h;hpp;hxx;hm;inl;inc;xsd</Extensions>
    </Filter>
    <Filter Include="リソース ファイル">
      <UniqueIdentifier>{67DA6AB6-F800-4c08-8B7A-83BB121AAD01}</UniqueIdentifier>
      <Extensions>rc;ico;cur;bmp;dlg;rc2;rct;bin;rgs;gif;jpg;jpeg;jpe;resx;tiff;tif;png;wav</Extensions>
    </Filter>
  </ItemGroup>
  <ItemGroup>
    <ClCompile Include="mydat\source\calc.cpp">
      <Filter>ソース ファイル</Filter>
    </ClCompile>
    <ClCompile Include="mydat\source\char.cpp">
      <Filter>ソース ファイル</Filter>
    </ClCompile>
    <ClCompile Include="mydat\source\effect.cpp">
      <Filter>ソース ファイル</Filter>
    </ClCompile>
    <ClCompile Include="mydat\source\fps.cpp">
      <Filter>ソース ファイル</Filter>
    </ClCompile>
    <ClCompile Include="mydat\source\ini.cpp">
      <Filter>ソース ファイル</Filter>
    </ClCompile>
    <ClCompile Include="mydat\source\key.cpp">
      <Filter>ソース ファイル</Filter>
    </ClCompile>
    <ClCompile Include="mydat\source\load.cpp">
      <Filter>ソース ファイル</Filter>
    </ClCompile>
    <ClCompile Include="mydat\source\main.cpp">
      <Filter>ソース ファイル</Filter>
    </ClCompile>
    <ClCompile Include="mydat\source\music.cpp">
      <Filter>ソース ファイル</Filter>
    </ClCompile>
    <ClCompile Include="mydat\source\out.cpp">
      <Filter>ソース ファイル</Filter>
    </ClCompile>
    <ClCompile Include="mydat\source\out_lazer.cpp">
      <Filter>ソース ファイル</Filter>
    </ClCompile>
    <ClCompile Include="mydat\source\enemy.cpp">
      <Filter>ソース ファイル\enemy</Filter>
    </ClCompile>
    <ClCompile Include="mydat\source\enemy_act_pattern.cpp">
      <Filter>ソース ファイル\enemy</Filter>
    </ClCompile>
    <ClCompile Include="mydat\source\graph.cpp">
      <Filter>ソース ファイル\graph</Filter>
    </ClCompile>
    <ClCompile Include="mydat\source\graph_back.cpp">
      <Filter>ソース ファイル\graph</Filter>
    </ClCompile>
    <ClCompile Include="mydat\source\cshot.cpp">
      <Filter>ソース ファイル\shot</Filter>
    </ClCompile>
    <ClCompile Include="mydat\source\shot.cpp">
      <Filter>ソース ファイル\shot</Filter>
    </ClCompile>
    <ClCompile Include="mydat\source\shotH.cpp">
      <Filter>ソース ファイル\shot\Hard</Filter>
    </ClCompile>
    <ClCompile Include="mydat\source\boss_shot.cpp">
      <Filter>ソース ファイル\boss_shot</Filter>
    </ClCompile>
    <ClCompile Include="mydat\source\boss_shotH.cpp">
      <Filter>ソース ファイル\boss_shot\Hard</Filter>
    </ClCompile>
  </ItemGroup>
  <ItemGroup>
    <ClInclude Include="mydat\include\define.h">
      <Filter>ヘッダー ファイル</Filter>
    </ClInclude>
    <ClInclude Include="mydat\include\func.h">
      <Filter>ヘッダー ファイル</Filter>
    </ClInclude>
    <ClInclude Include="mydat\include\function.h">
      <Filter>ヘッダー ファイル</Filter>
    </ClInclude>
    <ClInclude Include="mydat\include\GV.h">
      <Filter>ヘッダー ファイル</Filter>
    </ClInclude>
    <ClInclude Include="mydat\include\struct.h">
      <Filter>ヘッダー ファイル</Filter>
    </ClInclude>
  </ItemGroup>
</Project>